// !$*UTF8*$!
{
	archiveVersion = 1;
	classes = {
	};
	objectVersion = 46;
	objects = {

/* Begin PBXBuildFile section */
		23005A932088ED5D974C696A /* Pods_SwiftDemo.framework in Frameworks */ = {isa = PBXBuildFile; fileRef = 36049F03E5FD7891DD995A53 /* Pods_SwiftDemo.framework */; };
		E258AE2D1D41C802008349C2 /* UIImage+Extension.swift in Sources */ = {isa = PBXBuildFile; fileRef = E258AE2C1D41C802008349C2 /* UIImage+Extension.swift */; };
		E25AE2C01D3DD7AB00441EFA /* UIColor+Category.m in Sources */ = {isa = PBXBuildFile; fileRef = E25AE2BF1D3DD7AB00441EFA /* UIColor+Category.m */; };
		E25AE2C21D3DDBB500441EFA /* UIButton+Extension.swift in Sources */ = {isa = PBXBuildFile; fileRef = E25AE2C11D3DDBB500441EFA /* UIButton+Extension.swift */; };
		E25AE2C51D3F278700441EFA /* PPBaseNavigationController.swift in Sources */ = {isa = PBXBuildFile; fileRef = E25AE2C41D3F278700441EFA /* PPBaseNavigationController.swift */; };
		E25AE2CB1D3F28CD00441EFA /* TabBarExtension.swift in Sources */ = {isa = PBXBuildFile; fileRef = E25AE2CA1D3F28CD00441EFA /* TabBarExtension.swift */; };
		E27163021D47A0230047F042 /* PPBaseStrategyFeedViewController.swift in Sources */ = {isa = PBXBuildFile; fileRef = E27163011D47A0230047F042 /* PPBaseStrategyFeedViewController.swift */; };
		E27163041D47A05F0047F042 /* PPChoiceStrategyFeedController.swift in Sources */ = {isa = PBXBuildFile; fileRef = E27163031D47A05F0047F042 /* PPChoiceStrategyFeedController.swift */; };
		E27163061D47A0A00047F042 /* PPCommonStrategyFeedController.swift in Sources */ = {isa = PBXBuildFile; fileRef = E27163051D47A0A00047F042 /* PPCommonStrategyFeedController.swift */; };
		E2E2F9CC1D41D3F800E94489 /* PPBaseViewController.swift in Sources */ = {isa = PBXBuildFile; fileRef = E2E2F9CB1D41D3F800E94489 /* PPBaseViewController.swift */; };
		E2E2F9D61D41F20400E94489 /* PPTabBarController.swift in Sources */ = {isa = PBXBuildFile; fileRef = E2E2F9D51D41F20400E94489 /* PPTabBarController.swift */; };
		E2E2F9DA1D41F2A500E94489 /* HotViewController.swift in Sources */ = {isa = PBXBuildFile; fileRef = E2E2F9D91D41F2A500E94489 /* HotViewController.swift */; };
		E2E2F9DC1D41F2BA00E94489 /* MeViewController.swift in Sources */ = {isa = PBXBuildFile; fileRef = E2E2F9DB1D41F2BA00E94489 /* MeViewController.swift */; };
		E2E2F9DE1D41F2D400E94489 /* ClassfiyViewController.swift in Sources */ = {isa = PBXBuildFile; fileRef = E2E2F9DD1D41F2D400E94489 /* ClassfiyViewController.swift */; };
		E2E2F9E01D41F31000E94489 /* HomeViewController.swift in Sources */ = {isa = PBXBuildFile; fileRef = E2E2F9DF1D41F31000E94489 /* HomeViewController.swift */; };
		E2E2F9E41D41F34E00E94489 /* LoginViewController.storyboard in Resources */ = {isa = PBXBuildFile; fileRef = E2E2F9E21D41F34E00E94489 /* LoginViewController.storyboard */; };
		E2E2F9E51D41F34E00E94489 /* LoginViewController.swift in Sources */ = {isa = PBXBuildFile; fileRef = E2E2F9E31D41F34E00E94489 /* LoginViewController.swift */; };
		E2E2F9E81D41F3BF00E94489 /* Common.swift in Sources */ = {isa = PBXBuildFile; fileRef = E2E2F9E71D41F3BF00E94489 /* Common.swift */; };
		E2E2F9EA1D41FD7400E94489 /* UIBarButtonItem+Extension.swift in Sources */ = {isa = PBXBuildFile; fileRef = E2E2F9E91D41FD7400E94489 /* UIBarButtonItem+Extension.swift */; };
		E2E2F9ED1D420D4F00E94489 /* PopoverCategoryView.swift in Sources */ = {isa = PBXBuildFile; fileRef = E2E2F9EC1D420D4F00E94489 /* PopoverCategoryView.swift */; };
		E2E2F9EF1D420D6500E94489 /* PopoverCategoryView.xib in Resources */ = {isa = PBXBuildFile; fileRef = E2E2F9EE1D420D6500E94489 /* PopoverCategoryView.xib */; };
		E2FE6CF41D3DC846008D9BED /* AppDelegate.swift in Sources */ = {isa = PBXBuildFile; fileRef = E2FE6CF31D3DC846008D9BED /* AppDelegate.swift */; };
		E2FE6CFB1D3DC846008D9BED /* Assets.xcassets in Resources */ = {isa = PBXBuildFile; fileRef = E2FE6CFA1D3DC846008D9BED /* Assets.xcassets */; };
		E2FE6D091D3DC846008D9BED /* SwiftDemoTests.swift in Sources */ = {isa = PBXBuildFile; fileRef = E2FE6D081D3DC846008D9BED /* SwiftDemoTests.swift */; };
		E2FE6D141D3DC846008D9BED /* SwiftDemoUITests.swift in Sources */ = {isa = PBXBuildFile; fileRef = E2FE6D131D3DC846008D9BED /* SwiftDemoUITests.swift */; };
		E2FE6D241D3DCB5D008D9BED /* LaunchScreen.storyboard in Resources */ = {isa = PBXBuildFile; fileRef = E2FE6D231D3DCB5D008D9BED /* LaunchScreen.storyboard */; };
		E2FF08311D3F763D00AB03BA /* NavgationBarExtension.swift in Sources */ = {isa = PBXBuildFile; fileRef = E2FF08301D3F763D00AB03BA /* NavgationBarExtension.swift */; };
/* End PBXBuildFile section */

/* Begin PBXContainerItemProxy section */
		E2FE6D051D3DC846008D9BED /* PBXContainerItemProxy */ = {
			isa = PBXContainerItemProxy;
			containerPortal = E2FE6CE81D3DC846008D9BED /* Project object */;
			proxyType = 1;
			remoteGlobalIDString = E2FE6CEF1D3DC846008D9BED;
			remoteInfo = SwiftDemo;
		};
		E2FE6D101D3DC846008D9BED /* PBXContainerItemProxy */ = {
			isa = PBXContainerItemProxy;
			containerPortal = E2FE6CE81D3DC846008D9BED /* Project object */;
			proxyType = 1;
			remoteGlobalIDString = E2FE6CEF1D3DC846008D9BED;
			remoteInfo = SwiftDemo;
		};
/* End PBXContainerItemProxy section */

/* Begin PBXFileReference section */
		36049F03E5FD7891DD995A53 /* Pods_SwiftDemo.framework */ = {isa = PBXFileReference; explicitFileType = wrapper.framework; includeInIndex = 0; path = Pods_SwiftDemo.framework; sourceTree = BUILT_PRODUCTS_DIR; };
		878742F0E20855AA46AC35FB /* Pods-SwiftDemo.release.xcconfig */ = {isa = PBXFileReference; includeInIndex = 1; lastKnownFileType = text.xcconfig; name = "Pods-SwiftDemo.release.xcconfig"; path = "Pods/Target Support Files/Pods-SwiftDemo/Pods-SwiftDemo.release.xcconfig"; sourceTree = "<group>"; };
		AD78ABDD21CEA39F76AC8F64 /* Pods-SwiftDemo.debug.xcconfig */ = {isa = PBXFileReference; includeInIndex = 1; lastKnownFileType = text.xcconfig; name = "Pods-SwiftDemo.debug.xcconfig"; path = "Pods/Target Support Files/Pods-SwiftDemo/Pods-SwiftDemo.debug.xcconfig"; sourceTree = "<group>"; };
		E258AE2C1D41C802008349C2 /* UIImage+Extension.swift */ = {isa = PBXFileReference; fileEncoding = 4; lastKnownFileType = sourcecode.swift; path = "UIImage+Extension.swift"; sourceTree = "<group>"; };
		E25AE2BD1D3DD7AB00441EFA /* SwiftDemo-Bridging-Header.h */ = {isa = PBXFileReference; lastKnownFileType = sourcecode.c.h; path = "SwiftDemo-Bridging-Header.h"; sourceTree = "<group>"; };
		E25AE2BE1D3DD7AB00441EFA /* UIColor+Category.h */ = {isa = PBXFileReference; fileEncoding = 4; lastKnownFileType = sourcecode.c.h; path = "UIColor+Category.h"; sourceTree = "<group>"; };
		E25AE2BF1D3DD7AB00441EFA /* UIColor+Category.m */ = {isa = PBXFileReference; fileEncoding = 4; lastKnownFileType = sourcecode.c.objc; path = "UIColor+Category.m"; sourceTree = "<group>"; };
		E25AE2C11D3DDBB500441EFA /* UIButton+Extension.swift */ = {isa = PBXFileReference; fileEncoding = 4; lastKnownFileType = sourcecode.swift; path = "UIButton+Extension.swift"; sourceTree = "<group>"; };
		E25AE2C41D3F278700441EFA /* PPBaseNavigationController.swift */ = {isa = PBXFileReference; fileEncoding = 4; lastKnownFileType = sourcecode.swift; path = PPBaseNavigationController.swift; sourceTree = "<group>"; };
		E25AE2CA1D3F28CD00441EFA /* TabBarExtension.swift */ = {isa = PBXFileReference; fileEncoding = 4; lastKnownFileType = sourcecode.swift; path = TabBarExtension.swift; sourceTree = "<group>"; };
		E27163011D47A0230047F042 /* PPBaseStrategyFeedViewController.swift */ = {isa = PBXFileReference; fileEncoding = 4; lastKnownFileType = sourcecode.swift; path = PPBaseStrategyFeedViewController.swift; sourceTree = "<group>"; };
		E27163031D47A05F0047F042 /* PPChoiceStrategyFeedController.swift */ = {isa = PBXFileReference; fileEncoding = 4; lastKnownFileType = sourcecode.swift; path = PPChoiceStrategyFeedController.swift; sourceTree = "<group>"; };
		E27163051D47A0A00047F042 /* PPCommonStrategyFeedController.swift */ = {isa = PBXFileReference; fileEncoding = 4; lastKnownFileType = sourcecode.swift; path = PPCommonStrategyFeedController.swift; sourceTree = "<group>"; };
		E2E2F9CB1D41D3F800E94489 /* PPBaseViewController.swift */ = {isa = PBXFileReference; fileEncoding = 4; lastKnownFileType = sourcecode.swift; path = PPBaseViewController.swift; sourceTree = "<group>"; };
		E2E2F9D51D41F20400E94489 /* PPTabBarController.swift */ = {isa = PBXFileReference; fileEncoding = 4; lastKnownFileType = sourcecode.swift; name = PPTabBarController.swift; path = ../controller/PPTabBarController.swift; sourceTree = "<group>"; };
		E2E2F9D91D41F2A500E94489 /* HotViewController.swift */ = {isa = PBXFileReference; fileEncoding = 4; lastKnownFileType = sourcecode.swift; path = HotViewController.swift; sourceTree = "<group>"; };
		E2E2F9DB1D41F2BA00E94489 /* MeViewController.swift */ = {isa = PBXFileReference; fileEncoding = 4; lastKnownFileType = sourcecode.swift; path = MeViewController.swift; sourceTree = "<group>"; };
		E2E2F9DD1D41F2D400E94489 /* ClassfiyViewController.swift */ = {isa = PBXFileReference; fileEncoding = 4; lastKnownFileType = sourcecode.swift; path = ClassfiyViewController.swift; sourceTree = "<group>"; };
		E2E2F9DF1D41F31000E94489 /* HomeViewController.swift */ = {isa = PBXFileReference; fileEncoding = 4; lastKnownFileType = sourcecode.swift; path = HomeViewController.swift; sourceTree = "<group>"; };
		E2E2F9E21D41F34E00E94489 /* LoginViewController.storyboard */ = {isa = PBXFileReference; fileEncoding = 4; lastKnownFileType = file.storyboard; path = LoginViewController.storyboard; sourceTree = "<group>"; };
		E2E2F9E31D41F34E00E94489 /* LoginViewController.swift */ = {isa = PBXFileReference; fileEncoding = 4; lastKnownFileType = sourcecode.swift; path = LoginViewController.swift; sourceTree = "<group>"; };
		E2E2F9E71D41F3BF00E94489 /* Common.swift */ = {isa = PBXFileReference; fileEncoding = 4; lastKnownFileType = sourcecode.swift; path = Common.swift; sourceTree = "<group>"; };
		E2E2F9E91D41FD7400E94489 /* UIBarButtonItem+Extension.swift */ = {isa = PBXFileReference; fileEncoding = 4; lastKnownFileType = sourcecode.swift; path = "UIBarButtonItem+Extension.swift"; sourceTree = "<group>"; };
		E2E2F9EC1D420D4F00E94489 /* PopoverCategoryView.swift */ = {isa = PBXFileReference; fileEncoding = 4; lastKnownFileType = sourcecode.swift; path = PopoverCategoryView.swift; sourceTree = "<group>"; };
		E2E2F9EE1D420D6500E94489 /* PopoverCategoryView.xib */ = {isa = PBXFileReference; fileEncoding = 4; lastKnownFileType = file.xib; path = PopoverCategoryView.xib; sourceTree = "<group>"; };
		E2FE6CF01D3DC846008D9BED /* SwiftDemo.app */ = {isa = PBXFileReference; explicitFileType = wrapper.application; includeInIndex = 0; path = SwiftDemo.app; sourceTree = BUILT_PRODUCTS_DIR; };
		E2FE6CF31D3DC846008D9BED /* AppDelegate.swift */ = {isa = PBXFileReference; lastKnownFileType = sourcecode.swift; path = AppDelegate.swift; sourceTree = "<group>"; };
		E2FE6CFA1D3DC846008D9BED /* Assets.xcassets */ = {isa = PBXFileReference; lastKnownFileType = folder.assetcatalog; path = Assets.xcassets; sourceTree = "<group>"; };
		E2FE6CFF1D3DC846008D9BED /* Info.plist */ = {isa = PBXFileReference; lastKnownFileType = text.plist.xml; path = Info.plist; sourceTree = "<group>"; };
		E2FE6D041D3DC846008D9BED /* SwiftDemoTests.xctest */ = {isa = PBXFileReference; explicitFileType = wrapper.cfbundle; includeInIndex = 0; path = SwiftDemoTests.xctest; sourceTree = BUILT_PRODUCTS_DIR; };
		E2FE6D081D3DC846008D9BED /* SwiftDemoTests.swift */ = {isa = PBXFileReference; lastKnownFileType = sourcecode.swift; path = SwiftDemoTests.swift; sourceTree = "<group>"; };
		E2FE6D0A1D3DC846008D9BED /* Info.plist */ = {isa = PBXFileReference; lastKnownFileType = text.plist.xml; path = Info.plist; sourceTree = "<group>"; };
		E2FE6D0F1D3DC846008D9BED /* SwiftDemoUITests.xctest */ = {isa = PBXFileReference; explicitFileType = wrapper.cfbundle; includeInIndex = 0; path = SwiftDemoUITests.xctest; sourceTree = BUILT_PRODUCTS_DIR; };
		E2FE6D131D3DC846008D9BED /* SwiftDemoUITests.swift */ = {isa = PBXFileReference; lastKnownFileType = sourcecode.swift; path = SwiftDemoUITests.swift; sourceTree = "<group>"; };
		E2FE6D151D3DC846008D9BED /* Info.plist */ = {isa = PBXFileReference; lastKnownFileType = text.plist.xml; path = Info.plist; sourceTree = "<group>"; };
		E2FE6D231D3DCB5D008D9BED /* LaunchScreen.storyboard */ = {isa = PBXFileReference; fileEncoding = 4; lastKnownFileType = file.storyboard; path = LaunchScreen.storyboard; sourceTree = "<group>"; };
		E2FF08301D3F763D00AB03BA /* NavgationBarExtension.swift */ = {isa = PBXFileReference; fileEncoding = 4; lastKnownFileType = sourcecode.swift; path = NavgationBarExtension.swift; sourceTree = "<group>"; };
/* End PBXFileReference section */

/* Begin PBXFrameworksBuildPhase section */
		E2FE6CED1D3DC846008D9BED /* Frameworks */ = {
			isa = PBXFrameworksBuildPhase;
			buildActionMask = 2147483647;
			files = (
				23005A932088ED5D974C696A /* Pods_SwiftDemo.framework in Frameworks */,
			);
			runOnlyForDeploymentPostprocessing = 0;
		};
		E2FE6D011D3DC846008D9BED /* Frameworks */ = {
			isa = PBXFrameworksBuildPhase;
			buildActionMask = 2147483647;
			files = (
			);
			runOnlyForDeploymentPostprocessing = 0;
		};
		E2FE6D0C1D3DC846008D9BED /* Frameworks */ = {
			isa = PBXFrameworksBuildPhase;
			buildActionMask = 2147483647;
			files = (
			);
			runOnlyForDeploymentPostprocessing = 0;
		};
/* End PBXFrameworksBuildPhase section */

/* Begin PBXGroup section */
		5FD669F5E55D38C8B3BB699E /* Pods */ = {
			isa = PBXGroup;
			children = (
				AD78ABDD21CEA39F76AC8F64 /* Pods-SwiftDemo.debug.xcconfig */,
				878742F0E20855AA46AC35FB /* Pods-SwiftDemo.release.xcconfig */,
			);
			name = Pods;
			sourceTree = "<group>";
		};
		CFB9A70C4450EC0B206173B3 /* Frameworks */ = {
			isa = PBXGroup;
			children = (
				36049F03E5FD7891DD995A53 /* Pods_SwiftDemo.framework */,
			);
			name = Frameworks;
			sourceTree = "<group>";
		};
		E25AE2BC1D3DD78E00441EFA /* Category */ = {
			isa = PBXGroup;
			children = (
				E25AE2BE1D3DD7AB00441EFA /* UIColor+Category.h */,
				E25AE2BF1D3DD7AB00441EFA /* UIColor+Category.m */,
				E25AE2BD1D3DD7AB00441EFA /* SwiftDemo-Bridging-Header.h */,
				E25AE2C11D3DDBB500441EFA /* UIButton+Extension.swift */,
			);
			path = Category;
			sourceTree = "<group>";
		};
		E25AE2C31D3F277300441EFA /* Extension */ = {
			isa = PBXGroup;
			children = (
				E258AE2C1D41C802008349C2 /* UIImage+Extension.swift */,
				E25AE2CA1D3F28CD00441EFA /* TabBarExtension.swift */,
				E2FF08301D3F763D00AB03BA /* NavgationBarExtension.swift */,
				E2E2F9E91D41FD7400E94489 /* UIBarButtonItem+Extension.swift */,
			);
			path = Extension;
			sourceTree = "<group>";
		};
		E2E2F9C71D41D38B00E94489 /* Classfiy */ = {
			isa = PBXGroup;
			children = (
				E2E2F9DD1D41F2D400E94489 /* ClassfiyViewController.swift */,
			);
			path = Classfiy;
			sourceTree = "<group>";
		};
		E2E2F9C81D41D38B00E94489 /* home */ = {
			isa = PBXGroup;
			children = (
				E2E2F9DF1D41F31000E94489 /* HomeViewController.swift */,
				E27163011D47A0230047F042 /* PPBaseStrategyFeedViewController.swift */,
				E27163031D47A05F0047F042 /* PPChoiceStrategyFeedController.swift */,
				E27163051D47A0A00047F042 /* PPCommonStrategyFeedController.swift */,
			);
			path = home;
			sourceTree = "<group>";
		};
		E2E2F9C91D41D38B00E94489 /* Hot */ = {
			isa = PBXGroup;
			children = (
				E2E2F9D91D41F2A500E94489 /* HotViewController.swift */,
			);
			path = Hot;
			sourceTree = "<group>";
		};
		E2E2F9CA1D41D38B00E94489 /* me */ = {
			isa = PBXGroup;
			children = (
				E2E2F9DB1D41F2BA00E94489 /* MeViewController.swift */,
			);
			path = me;
			sourceTree = "<group>";
		};
		E2E2F9E11D41F33000E94489 /* Login */ = {
			isa = PBXGroup;
			children = (
				E2E2F9E21D41F34E00E94489 /* LoginViewController.storyboard */,
				E2E2F9E31D41F34E00E94489 /* LoginViewController.swift */,
			);
			path = Login;
			sourceTree = "<group>";
		};
		E2E2F9E61D41F3A700E94489 /* Helper */ = {
			isa = PBXGroup;
			children = (
				E2E2F9E71D41F3BF00E94489 /* Common.swift */,
			);
			path = Helper;
			sourceTree = "<group>";
		};
		E2E2F9EB1D420C9F00E94489 /* View */ = {
			isa = PBXGroup;
			children = (
				E2E2F9EC1D420D4F00E94489 /* PopoverCategoryView.swift */,
				E2E2F9EE1D420D6500E94489 /* PopoverCategoryView.xib */,
			);
			path = View;
			sourceTree = "<group>";
		};
		E2FE6CE71D3DC846008D9BED = {
			isa = PBXGroup;
			children = (
				E2FE6CF21D3DC846008D9BED /* SwiftDemo */,
				E2FE6D071D3DC846008D9BED /* SwiftDemoTests */,
				E2FE6D121D3DC846008D9BED /* SwiftDemoUITests */,
				E2FE6CF11D3DC846008D9BED /* Products */,
				5FD669F5E55D38C8B3BB699E /* Pods */,
				CFB9A70C4450EC0B206173B3 /* Frameworks */,
			);
			sourceTree = "<group>";
		};
		E2FE6CF11D3DC846008D9BED /* Products */ = {
			isa = PBXGroup;
			children = (
				E2FE6CF01D3DC846008D9BED /* SwiftDemo.app */,
				E2FE6D041D3DC846008D9BED /* SwiftDemoTests.xctest */,
				E2FE6D0F1D3DC846008D9BED /* SwiftDemoUITests.xctest */,
			);
			name = Products;
			sourceTree = "<group>";
		};
		E2FE6CF21D3DC846008D9BED /* SwiftDemo */ = {
			isa = PBXGroup;
			children = (
				E2E2F9EB1D420C9F00E94489 /* View */,
				E2FE6D281D3DCDF4008D9BED /* module */,
				E2E2F9E61D41F3A700E94489 /* Helper */,
				E25AE2C31D3F277300441EFA /* Extension */,
				E2FE6D271D3DCDEC008D9BED /* controller */,
				E2FE6D261D3DCDE6008D9BED /* BaseNavController */,
				E2FE6CF31D3DC846008D9BED /* AppDelegate.swift */,
				E2FE6D231D3DCB5D008D9BED /* LaunchScreen.storyboard */,
				E2FE6CFA1D3DC846008D9BED /* Assets.xcassets */,
				E2FE6CFF1D3DC846008D9BED /* Info.plist */,
			);
			path = SwiftDemo;
			sourceTree = "<group>";
		};
		E2FE6D071D3DC846008D9BED /* SwiftDemoTests */ = {
			isa = PBXGroup;
			children = (
				E2FE6D081D3DC846008D9BED /* SwiftDemoTests.swift */,
				E2FE6D0A1D3DC846008D9BED /* Info.plist */,
			);
			path = SwiftDemoTests;
			sourceTree = "<group>";
		};
		E2FE6D121D3DC846008D9BED /* SwiftDemoUITests */ = {
			isa = PBXGroup;
			children = (
				E2FE6D131D3DC846008D9BED /* SwiftDemoUITests.swift */,
				E2FE6D151D3DC846008D9BED /* Info.plist */,
			);
			path = SwiftDemoUITests;
			sourceTree = "<group>";
		};
		E2FE6D261D3DCDE6008D9BED /* BaseNavController */ = {
			isa = PBXGroup;
			children = (
				E2E2F9D51D41F20400E94489 /* PPTabBarController.swift */,
				E25AE2C41D3F278700441EFA /* PPBaseNavigationController.swift */,
				E2E2F9CB1D41D3F800E94489 /* PPBaseViewController.swift */,
			);
			path = BaseNavController;
			sourceTree = "<group>";
		};
		E2FE6D271D3DCDEC008D9BED /* controller */ = {
			isa = PBXGroup;
			children = (
				E2E2F9E11D41F33000E94489 /* Login */,
				E2E2F9C71D41D38B00E94489 /* Classfiy */,
				E2E2F9C81D41D38B00E94489 /* home */,
				E2E2F9C91D41D38B00E94489 /* Hot */,
				E2E2F9CA1D41D38B00E94489 /* me */,
			);
			path = controller;
			sourceTree = "<group>";
		};
		E2FE6D281D3DCDF4008D9BED /* module */ = {
			isa = PBXGroup;
			children = (
				E25AE2BC1D3DD78E00441EFA /* Category */,
			);
			path = module;
			sourceTree = "<group>";
		};
/* End PBXGroup section */

/* Begin PBXNativeTarget section */
		E2FE6CEF1D3DC846008D9BED /* SwiftDemo */ = {
			isa = PBXNativeTarget;
			buildConfigurationList = E2FE6D181D3DC846008D9BED /* Build configuration list for PBXNativeTarget "SwiftDemo" */;
			buildPhases = (
				30B5D35AAE8E6EA680E6549F /* 📦 Check Pods Manifest.lock */,
				E2FE6CEC1D3DC846008D9BED /* Sources */,
				E2FE6CED1D3DC846008D9BED /* Frameworks */,
				E2FE6CEE1D3DC846008D9BED /* Resources */,
				E874FEEBE9D39875D3152B34 /* 📦 Embed Pods Frameworks */,
				DF009608B7E42DA33E530D8D /* 📦 Copy Pods Resources */,
			);
			buildRules = (
			);
			dependencies = (
			);
			name = SwiftDemo;
			productName = SwiftDemo;
			productReference = E2FE6CF01D3DC846008D9BED /* SwiftDemo.app */;
			productType = "com.apple.product-type.application";
		};
		E2FE6D031D3DC846008D9BED /* SwiftDemoTests */ = {
			isa = PBXNativeTarget;
			buildConfigurationList = E2FE6D1B1D3DC846008D9BED /* Build configuration list for PBXNativeTarget "SwiftDemoTests" */;
			buildPhases = (
				E2FE6D001D3DC846008D9BED /* Sources */,
				E2FE6D011D3DC846008D9BED /* Frameworks */,
				E2FE6D021D3DC846008D9BED /* Resources */,
			);
			buildRules = (
			);
			dependencies = (
				E2FE6D061D3DC846008D9BED /* PBXTargetDependency */,
			);
			name = SwiftDemoTests;
			productName = SwiftDemoTests;
			productReference = E2FE6D041D3DC846008D9BED /* SwiftDemoTests.xctest */;
			productType = "com.apple.product-type.bundle.unit-test";
		};
		E2FE6D0E1D3DC846008D9BED /* SwiftDemoUITests */ = {
			isa = PBXNativeTarget;
			buildConfigurationList = E2FE6D1E1D3DC846008D9BED /* Build configuration list for PBXNativeTarget "SwiftDemoUITests" */;
			buildPhases = (
				E2FE6D0B1D3DC846008D9BED /* Sources */,
				E2FE6D0C1D3DC846008D9BED /* Frameworks */,
				E2FE6D0D1D3DC846008D9BED /* Resources */,
			);
			buildRules = (
			);
			dependencies = (
				E2FE6D111D3DC846008D9BED /* PBXTargetDependency */,
			);
			name = SwiftDemoUITests;
			productName = SwiftDemoUITests;
			productReference = E2FE6D0F1D3DC846008D9BED /* SwiftDemoUITests.xctest */;
			productType = "com.apple.product-type.bundle.ui-testing";
		};
/* End PBXNativeTarget section */

/* Begin PBXProject section */
		E2FE6CE81D3DC846008D9BED /* Project object */ = {
			isa = PBXProject;
			attributes = {
				LastSwiftUpdateCheck = 0730;
				LastUpgradeCheck = 0730;
				ORGANIZATIONNAME = test;
				TargetAttributes = {
					E2FE6CEF1D3DC846008D9BED = {
						CreatedOnToolsVersion = 7.3;
					};
					E2FE6D031D3DC846008D9BED = {
						CreatedOnToolsVersion = 7.3;
						TestTargetID = E2FE6CEF1D3DC846008D9BED;
					};
					E2FE6D0E1D3DC846008D9BED = {
						CreatedOnToolsVersion = 7.3;
						TestTargetID = E2FE6CEF1D3DC846008D9BED;
					};
				};
			};
			buildConfigurationList = E2FE6CEB1D3DC846008D9BED /* Build configuration list for PBXProject "SwiftDemo" */;
			compatibilityVersion = "Xcode 3.2";
			developmentRegion = English;
			hasScannedForEncodings = 0;
			knownRegions = (
				en,
				Base,
			);
			mainGroup = E2FE6CE71D3DC846008D9BED;
			productRefGroup = E2FE6CF11D3DC846008D9BED /* Products */;
			projectDirPath = "";
			projectRoot = "";
			targets = (
				E2FE6CEF1D3DC846008D9BED /* SwiftDemo */,
				E2FE6D031D3DC846008D9BED /* SwiftDemoTests */,
				E2FE6D0E1D3DC846008D9BED /* SwiftDemoUITests */,
			);
		};
/* End PBXProject section */

/* Begin PBXResourcesBuildPhase section */
		E2FE6CEE1D3DC846008D9BED /* Resources */ = {
			isa = PBXResourcesBuildPhase;
			buildActionMask = 2147483647;
			files = (
				E2E2F9EF1D420D6500E94489 /* PopoverCategoryView.xib in Resources */,
				E2E2F9E41D41F34E00E94489 /* LoginViewController.storyboard in Resources */,
				E2FE6D241D3DCB5D008D9BED /* LaunchScreen.storyboard in Resources */,
				E2FE6CFB1D3DC846008D9BED /* Assets.xcassets in Resources */,
			);
			runOnlyForDeploymentPostprocessing = 0;
		};
		E2FE6D021D3DC846008D9BED /* Resources */ = {
			isa = PBXResourcesBuildPhase;
			buildActionMask = 2147483647;
			files = (
			);
			runOnlyForDeploymentPostprocessing = 0;
		};
		E2FE6D0D1D3DC846008D9BED /* Resources */ = {
			isa = PBXResourcesBuildPhase;
			buildActionMask = 2147483647;
			files = (
			);
			runOnlyForDeploymentPostprocessing = 0;
		};
/* End PBXResourcesBuildPhase section */

/* Begin PBXShellScriptBuildPhase section */
		30B5D35AAE8E6EA680E6549F /* 📦 Check Pods Manifest.lock */ = {
			isa = PBXShellScriptBuildPhase;
			buildActionMask = 2147483647;
			files = (
			);
			inputPaths = (
			);
			name = "📦 Check Pods Manifest.lock";
			outputPaths = (
			);
			runOnlyForDeploymentPostprocessing = 0;
			shellPath = /bin/sh;
			shellScript = "diff \"${PODS_ROOT}/../Podfile.lock\" \"${PODS_ROOT}/Manifest.lock\" > /dev/null\nif [[ $? != 0 ]] ; then\n    cat << EOM\nerror: The sandbox is not in sync with the Podfile.lock. Run 'pod install' or update your CocoaPods installation.\nEOM\n    exit 1\nfi\n";
			showEnvVarsInLog = 0;
		};
		DF009608B7E42DA33E530D8D /* 📦 Copy Pods Resources */ = {
			isa = PBXShellScriptBuildPhase;
			buildActionMask = 2147483647;
			files = (
			);
			inputPaths = (
			);
			name = "📦 Copy Pods Resources";
			outputPaths = (
			);
			runOnlyForDeploymentPostprocessing = 0;
			shellPath = /bin/sh;
			shellScript = "\"${SRCROOT}/Pods/Target Support Files/Pods-SwiftDemo/Pods-SwiftDemo-resources.sh\"\n";
			showEnvVarsInLog = 0;
		};
		E874FEEBE9D39875D3152B34 /* 📦 Embed Pods Frameworks */ = {
			isa = PBXShellScriptBuildPhase;
			buildActionMask = 2147483647;
			files = (
			);
			inputPaths = (
			);
			name = "📦 Embed Pods Frameworks";
			outputPaths = (
			);
			runOnlyForDeploymentPostprocessing = 0;
			shellPath = /bin/sh;
			shellScript = "\"${SRCROOT}/Pods/Target Support Files/Pods-SwiftDemo/Pods-SwiftDemo-frameworks.sh\"\n";
			showEnvVarsInLog = 0;
		};
/* End PBXShellScriptBuildPhase section */

/* Begin PBXSourcesBuildPhase section */
		E2FE6CEC1D3DC846008D9BED /* Sources */ = {
			isa = PBXSourcesBuildPhase;
			buildActionMask = 2147483647;
			files = (
				E2E2F9EA1D41FD7400E94489 /* UIBarButtonItem+Extension.swift in Sources */,
				E2E2F9DC1D41F2BA00E94489 /* MeViewController.swift in Sources */,
				E2E2F9CC1D41D3F800E94489 /* PPBaseViewController.swift in Sources */,
				E27163041D47A05F0047F042 /* PPChoiceStrategyFeedController.swift in Sources */,
				E2E2F9DE1D41F2D400E94489 /* ClassfiyViewController.swift in Sources */,
				E27163021D47A0230047F042 /* PPBaseStrategyFeedViewController.swift in Sources */,
				E2FF08311D3F763D00AB03BA /* NavgationBarExtension.swift in Sources */,
				E2E2F9DA1D41F2A500E94489 /* HotViewController.swift in Sources */,
				E258AE2D1D41C802008349C2 /* UIImage+Extension.swift in Sources */,
				E25AE2C51D3F278700441EFA /* PPBaseNavigationController.swift in Sources */,
				E2FE6CF41D3DC846008D9BED /* AppDelegate.swift in Sources */,
				E25AE2CB1D3F28CD00441EFA /* TabBarExtension.swift in Sources */,
				E2E2F9E01D41F31000E94489 /* HomeViewController.swift in Sources */,
				E2E2F9E51D41F34E00E94489 /* LoginViewController.swift in Sources */,
				E25AE2C01D3DD7AB00441EFA /* UIColor+Category.m in Sources */,
				E2E2F9ED1D420D4F00E94489 /* PopoverCategoryView.swift in Sources */,
				E25AE2C21D3DDBB500441EFA /* UIButton+Extension.swift in Sources */,
				E2E2F9E81D41F3BF00E94489 /* Common.swift in Sources */,
				E2E2F9D61D41F20400E94489 /* PPTabBarController.swift in Sources */,
				E27163061D47A0A00047F042 /* PPCommonStrategyFeedController.swift in Sources */,
			);
			runOnlyForDeploymentPostprocessing = 0;
		};
		E2FE6D001D3DC846008D9BED /* Sources */ = {
			isa = PBXSourcesBuildPhase;
			buildActionMask = 2147483647;
			files = (
				E2FE6D091D3DC846008D9BED /* SwiftDemoTests.swift in Sources */,
			);
			runOnlyForDeploymentPostprocessing = 0;
		};
		E2FE6D0B1D3DC846008D9BED /* Sources */ = {
			isa = PBXSourcesBuildPhase;
			buildActionMask = 2147483647;
			files = (
				E2FE6D141D3DC846008D9BED /* SwiftDemoUITests.swift in Sources */,
			);
			runOnlyForDeploymentPostprocessing = 0;
		};
/* End PBXSourcesBuildPhase section */

/* Begin PBXTargetDependency section */
		E2FE6D061D3DC846008D9BED /* PBXTargetDependency */ = {
			isa = PBXTargetDependency;
			target = E2FE6CEF1D3DC846008D9BED /* SwiftDemo */;
			targetProxy = E2FE6D051D3DC846008D9BED /* PBXContainerItemProxy */;
		};
		E2FE6D111D3DC846008D9BED /* PBXTargetDependency */ = {
			isa = PBXTargetDependency;
			target = E2FE6CEF1D3DC846008D9BED /* SwiftDemo */;
			targetProxy = E2FE6D101D3DC846008D9BED /* PBXContainerItemProxy */;
		};
/* End PBXTargetDependency section */

/* Begin XCBuildConfiguration section */
		E2FE6D161D3DC846008D9BED /* Debug */ = {
			isa = XCBuildConfiguration;
			buildSettings = {
				ALWAYS_SEARCH_USER_PATHS = NO;
				CLANG_ANALYZER_NONNULL = YES;
				CLANG_CXX_LANGUAGE_STANDARD = "gnu++0x";
				CLANG_CXX_LIBRARY = "libc++";
				CLANG_ENABLE_MODULES = YES;
				CLANG_ENABLE_OBJC_ARC = YES;
				CLANG_WARN_BOOL_CONVERSION = YES;
				CLANG_WARN_CONSTANT_CONVERSION = YES;
				CLANG_WARN_DIRECT_OBJC_ISA_USAGE = YES_ERROR;
				CLANG_WARN_EMPTY_BODY = YES;
				CLANG_WARN_ENUM_CONVERSION = YES;
				CLANG_WARN_INT_CONVERSION = YES;
				CLANG_WARN_OBJC_ROOT_CLASS = YES_ERROR;
				CLANG_WARN_UNREACHABLE_CODE = YES;
				CLANG_WARN__DUPLICATE_METHOD_MATCH = YES;
				"CODE_SIGN_IDENTITY[sdk=iphoneos*]" = "iPhone Developer";
				COPY_PHASE_STRIP = NO;
				DEBUG_INFORMATION_FORMAT = dwarf;
				ENABLE_STRICT_OBJC_MSGSEND = YES;
				ENABLE_TESTABILITY = YES;
				GCC_C_LANGUAGE_STANDARD = gnu99;
				GCC_DYNAMIC_NO_PIC = NO;
				GCC_NO_COMMON_BLOCKS = YES;
				GCC_OPTIMIZATION_LEVEL = 0;
				GCC_PREPROCESSOR_DEFINITIONS = (
					"DEBUG=1",
					"$(inherited)",
				);
				GCC_WARN_64_TO_32_BIT_CONVERSION = YES;
				GCC_WARN_ABOUT_RETURN_TYPE = YES_ERROR;
				GCC_WARN_UNDECLARED_SELECTOR = YES;
				GCC_WARN_UNINITIALIZED_AUTOS = YES_AGGRESSIVE;
				GCC_WARN_UNUSED_FUNCTION = YES;
				GCC_WARN_UNUSED_VARIABLE = YES;
				IPHONEOS_DEPLOYMENT_TARGET = 9.3;
				MTL_ENABLE_DEBUG_INFO = YES;
				ONLY_ACTIVE_ARCH = YES;
				SDKROOT = iphoneos;
				SWIFT_OPTIMIZATION_LEVEL = "-Onone";
				TARGETED_DEVICE_FAMILY = "1,2";
			};
			name = Debug;
		};
		E2FE6D171D3DC846008D9BED /* Release */ = {
			isa = XCBuildConfiguration;
			buildSettings = {
				ALWAYS_SEARCH_USER_PATHS = NO;
				CLANG_ANALYZER_NONNULL = YES;
				CLANG_CXX_LANGUAGE_STANDARD = "gnu++0x";
				CLANG_CXX_LIBRARY = "libc++";
				CLANG_ENABLE_MODULES = YES;
				CLANG_ENABLE_OBJC_ARC = YES;
				CLANG_WARN_BOOL_CONVERSION = YES;
				CLANG_WARN_CONSTANT_CONVERSION = YES;
				CLANG_WARN_DIRECT_OBJC_ISA_USAGE = YES_ERROR;
				CLANG_WARN_EMPTY_BODY = YES;
				CLANG_WARN_ENUM_CONVERSION = YES;
				CLANG_WARN_INT_CONVERSION = YES;
				CLANG_WARN_OBJC_ROOT_CLASS = YES_ERROR;
				CLANG_WARN_UNREACHABLE_CODE = YES;
				CLANG_WARN__DUPLICATE_METHOD_MATCH = YES;
				"CODE_SIGN_IDENTITY[sdk=iphoneos*]" = "iPhone Developer";
				COPY_PHASE_STRIP = NO;
				DEBUG_INFORMATION_FORMAT = "dwarf-with-dsym";
				ENABLE_NS_ASSERTIONS = NO;
				ENABLE_STRICT_OBJC_MSGSEND = YES;
				GCC_C_LANGUAGE_STANDARD = gnu99;
				GCC_NO_COMMON_BLOCKS = YES;
				GCC_WARN_64_TO_32_BIT_CONVERSION = YES;
				GCC_WARN_ABOUT_RETURN_TYPE = YES_ERROR;
				GCC_WARN_UNDECLARED_SELECTOR = YES;
				GCC_WARN_UNINITIALIZED_AUTOS = YES_AGGRESSIVE;
				GCC_WARN_UNUSED_FUNCTION = YES;
				GCC_WARN_UNUSED_VARIABLE = YES;
				IPHONEOS_DEPLOYMENT_TARGET = 9.3;
				MTL_ENABLE_DEBUG_INFO = NO;
				SDKROOT = iphoneos;
				TARGETED_DEVICE_FAMILY = "1,2";
				VALIDATE_PRODUCT = YES;
			};
			name = Release;
		};
		E2FE6D191D3DC846008D9BED /* Debug */ = {
			isa = XCBuildConfiguration;
			baseConfigurationReference = AD78ABDD21CEA39F76AC8F64 /* Pods-SwiftDemo.debug.xcconfig */;
			buildSettings = {
				ASSETCATALOG_COMPILER_APPICON_NAME = AppIcon;
				CLANG_ENABLE_MODULES = YES;
				INFOPLIST_FILE = SwiftDemo/Info.plist;
				LD_RUNPATH_SEARCH_PATHS = "$(inherited) @executable_path/Frameworks";
				PRODUCT_BUNDLE_IDENTIFIER = cc.SwiftDemo;
				PRODUCT_NAME = "$(TARGET_NAME)";
				SWIFT_OBJC_BRIDGING_HEADER = "SwiftDemo/module/Category/SwiftDemo-Bridging-Header.h";
				SWIFT_OPTIMIZATION_LEVEL = "-Onone";
			};
			name = Debug;
		};
		E2FE6D1A1D3DC846008D9BED /* Release */ = {
			isa = XCBuildConfiguration;
			baseConfigurationReference = 878742F0E20855AA46AC35FB /* Pods-SwiftDemo.release.xcconfig */;
			buildSettings = {
				ASSETCATALOG_COMPILER_APPICON_NAME = AppIcon;
				CLANG_ENABLE_MODULES = YES;
				INFOPLIST_FILE = SwiftDemo/Info.plist;
				LD_RUNPATH_SEARCH_PATHS = "$(inherited) @executable_path/Frameworks";
				PRODUCT_BUNDLE_IDENTIFIER = cc.SwiftDemo;
				PRODUCT_NAME = "$(TARGET_NAME)";
				SWIFT_OBJC_BRIDGING_HEADER = "SwiftDemo/module/Category/SwiftDemo-Bridging-Header.h";
			};
			name = Release;
		};
		E2FE6D1C1D3DC846008D9BED /* Debug */ = {
			isa = XCBuildConfiguration;
			buildSettings = {
				BUNDLE_LOADER = "$(TEST_HOST)";
				INFOPLIST_FILE = SwiftDemoTests/Info.plist;
				LD_RUNPATH_SEARCH_PATHS = "$(inherited) @executable_path/Frameworks @loader_path/Frameworks";
				PRODUCT_BUNDLE_IDENTIFIER = cc.SwiftDemoTests;
				PRODUCT_NAME = "$(TARGET_NAME)";
				TEST_HOST = "$(BUILT_PRODUCTS_DIR)/SwiftDemo.app/SwiftDemo";
			};
			name = Debug;
		};
		E2FE6D1D1D3DC846008D9BED /* Release */ = {
			isa = XCBuildConfiguration;
			buildSettings = {
				BUNDLE_LOADER = "$(TEST_HOST)";
				INFOPLIST_FILE = SwiftDemoTests/Info.plist;
				LD_RUNPATH_SEARCH_PATHS = "$(inherited) @executable_path/Frameworks @loader_path/Frameworks";
				PRODUCT_BUNDLE_IDENTIFIER = cc.SwiftDemoTests;
				PRODUCT_NAME = "$(TARGET_NAME)";
				TEST_HOST = "$(BUILT_PRODUCTS_DIR)/SwiftDemo.app/SwiftDemo";
			};
			name = Release;
		};
		E2FE6D1F1D3DC846008D9BED /* Debug */ = {
			isa = XCBuildConfiguration;
			buildSettings = {
				INFOPLIST_FILE = SwiftDemoUITests/Info.plist;
				LD_RUNPATH_SEARCH_PATHS = "$(inherited) @executable_path/Frameworks @loader_path/Frameworks";
				PRODUCT_BUNDLE_IDENTIFIER = cc.SwiftDemoUITests;
				PRODUCT_NAME = "$(TARGET_NAME)";
				TEST_TARGET_NAME = SwiftDemo;
			};
			name = Debug;
		};
		E2FE6D201D3DC846008D9BED /* Release */ = {
			isa = XCBuildConfiguration;
			buildSettings = {
				INFOPLIST_FILE = SwiftDemoUITests/Info.plist;
				LD_RUNPATH_SEARCH_PATHS = "$(inherited) @executable_path/Frameworks @loader_path/Frameworks";
				PRODUCT_BUNDLE_IDENTIFIER = cc.SwiftDemoUITests;
				PRODUCT_NAME = "$(TARGET_NAME)";
				TEST_TARGET_NAME = SwiftDemo;
			};
			name = Release;
		};
/* End XCBuildConfiguration section */

/* Begin XCConfigurationList section */
		E2FE6CEB1D3DC846008D9BED /* Build configuration list for PBXProject "SwiftDemo" */ = {
			isa = XCConfigurationList;
			buildConfigurations = (
				E2FE6D161D3DC846008D9BED /* Debug */,
				E2FE6D171D3DC846008D9BED /* Release */,
			);
			defaultConfigurationIsVisible = 0;
			defaultConfigurationName = Release;
		};
		E2FE6D181D3DC846008D9BED /* Build configuration list for PBXNativeTarget "SwiftDemo" */ = {
			isa = XCConfigurationList;
			buildConfigurations = (
				E2FE6D191D3DC846008D9BED /* Debug */,
				E2FE6D1A1D3DC846008D9BED /* Release */,
			);
			defaultConfigurationIsVisible = 0;
			defaultConfigurationName = Release;
		};
		E2FE6D1B1D3DC846008D9BED /* Build configuration list for PBXNativeTarget "SwiftDemoTests" */ = {
			isa = XCConfigurationList;
			buildConfigurations = (
				E2FE6D1C1D3DC846008D9BED /* Debug */,
				E2FE6D1D1D3DC846008D9BED /* Release */,
			);
			defaultConfigurationIsVisible = 0;
			defaultConfigurationName = Release;
		};
		E2FE6D1E1D3DC846008D9BED /* Build configuration list for PBXNativeTarget "SwiftDemoUITests" */ = {
			isa = XCConfigurationList;
			buildConfigurations = (
				E2FE6D1F1D3DC846008D9BED /* Debug */,
				E2FE6D201D3DC846008D9BED /* Release */,
			);
			defaultConfigurationIsVisible = 0;
			defaultConfigurationName = Release;
		};
/* End XCConfigurationList section */
	};
	rootObject = E2FE6CE81D3DC846008D9BED /* Project object */;
}
